
Microsoft Visual Studio Solution File, Format Version 12.00
# Visual Studio Version 17
VisualStudioVersion = 17.14.36301.6
MinimumVisualStudioVersion = 10.0.40219.1
Project("{FAE04EC0-301F-11D3-BF4B-00C04F79EFBC}") = "Tonaire_Report", "Tonaire_Report\Tonaire_Report.csproj", "{694F918B-61DA-4B64-9282-D20872870261}"
EndProject
Global
	GlobalSection(SolutionConfigurationPlatforms) = preSolution
		Debug|Any CPU = Debug|Any CPU
		Release|Any CPU = Release|Any CPU
	EndGlobalSection
	GlobalSection(ProjectConfigurationPlatforms) = postSolution
		{694F918B-61DA-4B64-9282-D20872870261}.Debug|Any CPU.ActiveCfg = Debug|Any CPU
		{694F918B-61DA-4B64-9282-D20872870261}.Debug|Any CPU.Build.0 = Debug|Any CPU
		{694F918B-61DA-4B64-9282-D20872870261}.Release|Any CPU.ActiveCfg = Release|Any CPU
		{694F918B-61DA-4B64-9282-D20872870261}.Release|Any CPU.Build.0 = Release|Any CPU
	EndGlobalSection
	GlobalSection(SolutionProperties) = preSolution
		HideSolutionNode = FALSE
	EndGlobalSection
	GlobalSection(ExtensibilityGlobals) = postSolution
		SolutionGuid = {3909389F-5616-42A3-9D36-218F4859088B}
	EndGlobalSection
EndGlobal
